
Microsoft Visual Studio Solution File, Format Version 10.00
# Visual Studio 2008
Project("{FAE04EC0-301F-11D3-BF4B-00C04F79EFBC}") = "Client", "Client\Client.csproj", "{3CEB0C91-DC7A-4A7B-A44A-077B68615771}"
EndProject
Project("{FAE04EC0-301F-11D3-BF4B-00C04F79EFBC}") = "Server", "Server\Server.csproj", "{1F309D86-DD21-493B-BFFC-9F5C8B3961D0}"
EndProject
Project("{FAE04EC0-301F-11D3-BF4B-00C04F79EFBC}") = "Shared", "Shared\Shared.csproj", "{7CDE1B55-44AF-49DA-A814-3B0127A8FA12}"
EndProject
Project("{FAE04EC0-301F-11D3-BF4B-00C04F79EFBC}") = "UserControls", "UserControls\UserControls.csproj", "{4490EF8B-D3B4-4255-8950-758A0FCBF134}"
EndProject
Project("{54435603-DBB4-11D2-8724-00A0C9A8B90C}") = "Sharp Shuttle", "Sharp Shuttle\Sharp Shuttle.vdproj", "{D8B77CBB-6867-418A-8E90-8027E9C185C8}"
EndProject
Global
	GlobalSection(SubversionScc) = preSolution
		Svn-Managed = True
		Manager = AnkhSVN - Subversion Support for Visual Studio
	EndGlobalSection
	GlobalSection(SolutionConfigurationPlatforms) = preSolution
		Debug|Any CPU = Debug|Any CPU
		Release|Any CPU = Release|Any CPU
	EndGlobalSection
	GlobalSection(ProjectConfigurationPlatforms) = postSolution
		{3CEB0C91-DC7A-4A7B-A44A-077B68615771}.Debug|Any CPU.ActiveCfg = Debug|Any CPU
		{3CEB0C91-DC7A-4A7B-A44A-077B68615771}.Debug|Any CPU.Build.0 = Debug|Any CPU
		{3CEB0C91-DC7A-4A7B-A44A-077B68615771}.Release|Any CPU.ActiveCfg = Release|Any CPU
		{3CEB0C91-DC7A-4A7B-A44A-077B68615771}.Release|Any CPU.Build.0 = Release|Any CPU
		{1F309D86-DD21-493B-BFFC-9F5C8B3961D0}.Debug|Any CPU.ActiveCfg = Debug|Any CPU
		{1F309D86-DD21-493B-BFFC-9F5C8B3961D0}.Debug|Any CPU.Build.0 = Debug|Any CPU
		{1F309D86-DD21-493B-BFFC-9F5C8B3961D0}.Release|Any CPU.ActiveCfg = Release|Any CPU
		{1F309D86-DD21-493B-BFFC-9F5C8B3961D0}.Release|Any CPU.Build.0 = Release|Any CPU
		{7CDE1B55-44AF-49DA-A814-3B0127A8FA12}.Debug|Any CPU.ActiveCfg = Debug|Any CPU
		{7CDE1B55-44AF-49DA-A814-3B0127A8FA12}.Debug|Any CPU.Build.0 = Debug|Any CPU
		{7CDE1B55-44AF-49DA-A814-3B0127A8FA12}.Release|Any CPU.ActiveCfg = Release|Any CPU
		{7CDE1B55-44AF-49DA-A814-3B0127A8FA12}.Release|Any CPU.Build.0 = Release|Any CPU
		{4490EF8B-D3B4-4255-8950-758A0FCBF134}.Debug|Any CPU.ActiveCfg = Debug|Any CPU
		{4490EF8B-D3B4-4255-8950-758A0FCBF134}.Debug|Any CPU.Build.0 = Debug|Any CPU
		{4490EF8B-D3B4-4255-8950-758A0FCBF134}.Release|Any CPU.ActiveCfg = Release|Any CPU
		{4490EF8B-D3B4-4255-8950-758A0FCBF134}.Release|Any CPU.Build.0 = Release|Any CPU
		{D8B77CBB-6867-418A-8E90-8027E9C185C8}.Debug|Any CPU.ActiveCfg = Debug
		{D8B77CBB-6867-418A-8E90-8027E9C185C8}.Release|Any CPU.ActiveCfg = Release
	EndGlobalSection
	GlobalSection(SolutionProperties) = preSolution
		HideSolutionNode = FALSE
	EndGlobalSection
EndGlobal
